{
  "name": "blog",
  "version": "1.0.0",
  "lockfileVersion": 1,
  "requires": true,
  "dependencies": {
    "jquery": {
      "version": "3.5.1",
      "resolved": "https://registry.npmjs.org/jquery/-/jquery-3.5.1.tgz",
      "integrity": "sha512-XwIBPqcMn57FxfT+Go5pzySnm4KWkT1Tv7gjrpT1srtf8Weynl6R273VJ5GjkRb51IzMp5nbaPjJXMWeju2MKg=="
    },
    "vue-disqus": {
      "version": "4.0.1",
      "resolved": "https://registry.npmjs.org/vue-disqus/-/vue-disqus-4.0.1.tgz",
      "integrity": "sha512-LCmEF4UqLMmMZaZwdMWZ5OO0imu/Cy0pZcr7c0QV7iJk1H9VWKUyxqO7+NNY8hhlAQXTdEq+Hv5tzOA9CfpjdA=="
    }
  }
}
