{
  "name": "blog",
  "version": "1.0.0",
  "lockfileVersion": 1,
  "requires": true,
  "dependencies": {
    "jquery": {
      "version": "3.5.1",
      "resolved": "https://registry.npmjs.org/jquery/-/jquery-3.5.1.tgz",
      "integrity": "sha512-XwIBPqcMn57FxfT+Go5pzySnm4KWkT1Tv7gjrpT1srtf8Weynl6R273VJ5GjkRb51IzMp5nbaPjJXMWeju2MKg=="
    },
    "vue-disqus": {
      "version": "3.0.5",
      "resolved": "https://registry.npmjs.org/vue-disqus/-/vue-disqus-3.0.5.tgz",
      "integrity": "sha512-T3Y68lXf5W2lYt6j4Y3kZ4opLPH0EAzqriy11MS4D4Q2+UN0tFuUXeYP1MxfvdyaCEboXSM6CUswxsULuNV70Q==",
      "dev": true
    },
    "vuepress-plugin-disqus": {
      "version": "0.2.0",
      "resolved": "https://registry.npmjs.org/vuepress-plugin-disqus/-/vuepress-plugin-disqus-0.2.0.tgz",
      "integrity": "sha512-kx+AeVzjJ9lx9bufLt1/X35V1VXfnQ1srkDMIzFKD9NyQ3eycsWQRcGO1dFe1HMrY3+7fTu+1/JeUEUEpGZ5tw==",
      "dev": true,
      "requires": {
        "vue-disqus": "^3.0.5"
      }
    }
  }
}
